PODS:
  - FBSnapshotTestCase (2.1.4):
    - FBSnapshotTestCase/SwiftSupport (= 2.1.4)
  - FBSnapshotTestCase/Core (2.1.4)
  - FBSnapshotTestCase/SwiftSupport (2.1.4):
    - FBSnapshotTestCase/Core
  - YLUtil (0.1.0)

DEPENDENCIES:
  - FBSnapshotTestCase
  - YLUtil

SPEC CHECKSUMS:
  FBSnapshotTestCase: 094f9f314decbabe373b87cc339bea235a63e07a
  YLUtil: 980548cbae2bc32044b583c11b9e32a9095246f2

PODFILE CHECKSUM: c96051aa95da8f54bfb68ef0521e6ba0135b2b35

COCOAPODS: 1.4.0
